
Microsoft Visual Studio Solution File, Format Version 12.00
# Visual Studio Version 16
VisualStudioVersion = 16.0.29318.209
MinimumVisualStudioVersion = 10.0.40219.1
Project("{FAE04EC0-301F-11D3-BF4B-00C04F79EFBC}") = "Lesson_WPF_pract_20200206", "Lesson_WPF_pract_20200206\Lesson_WPF_pract_20200206.csproj", "{0D8E33D3-2838-4538-A454-62913D532255}"
EndProject
Project("{FAE04EC0-301F-11D3-BF4B-00C04F79EFBC}") = "QrApp.lib", "QrApp.lib\QrApp.lib.csproj", "{E800E98A-EFBE-4163-9CAC-F794016F09D8}"
EndProject
Global
	GlobalSection(SolutionConfigurationPlatforms) = preSolution
		Debug|Any CPU = Debug|Any CPU
		Release|Any CPU = Release|Any CPU
	EndGlobalSection
	GlobalSection(ProjectConfigurationPlatforms) = postSolution
		{0D8E33D3-2838-4538-A454-62913D532255}.Debug|Any CPU.ActiveCfg = Debug|Any CPU
		{0D8E33D3-2838-4538-A454-62913D532255}.Debug|Any CPU.Build.0 = Debug|Any CPU
		{0D8E33D3-2838-4538-A454-62913D532255}.Release|Any CPU.ActiveCfg = Release|Any CPU
		{0D8E33D3-2838-4538-A454-62913D532255}.Release|Any CPU.Build.0 = Release|Any CPU
		{E800E98A-EFBE-4163-9CAC-F794016F09D8}.Debug|Any CPU.ActiveCfg = Debug|Any CPU
		{E800E98A-EFBE-4163-9CAC-F794016F09D8}.Debug|Any CPU.Build.0 = Debug|Any CPU
		{E800E98A-EFBE-4163-9CAC-F794016F09D8}.Release|Any CPU.ActiveCfg = Release|Any CPU
		{E800E98A-EFBE-4163-9CAC-F794016F09D8}.Release|Any CPU.Build.0 = Release|Any CPU
	EndGlobalSection
	GlobalSection(SolutionProperties) = preSolution
		HideSolutionNode = FALSE
	EndGlobalSection
	GlobalSection(ExtensibilityGlobals) = postSolution
		SolutionGuid = {DE7FD21B-8AE2-47D9-83C8-9E93295F9ABC}
	EndGlobalSection
EndGlobal
